{
  "version": 4,
  "terraform_version": "1.15.3",
  "serial": 51,
  "lineage": "508b14ee-3e91-3723-64b4-2c38580562e1",
  "outputs": {
    "api_url": {
      "value": "https://app-api-csticket-dev-wf87dv.azurewebsites.net",
      "type": "string"
    },
    "container_registry_login_server": {
      "value": "acrcsticketdevwf87dv.azurecr.io",
      "type": "string"
    },
    "container_registry_name": {
      "value": "acrcsticketdevwf87dv",
      "type": "string"
    },
    "postgres_server_fqdn": {
      "value": "psql-csticket-dev-wf87dv.postgres.database.azure.com",
      "type": "string"
    },
    "resource_group_name": {
      "value": "rg-csticket-dev-wf87dv",
      "type": "string"
    },
    "swagger_url": {
      "value": "https://app-api-csticket-dev-wf87dv.azurewebsites.net/api",
      "type": "string"
    },
    "web_url": {
      "value": "https://app-web-csticket-dev-wf87dv.azurewebsites.net",
      "type": "string"
    }
  },
  "resources": [
    {
      "mode": "managed",
      "type": "azurerm_container_registry",
      "name": "main",
      "provider": "provider[\"registry.terraform.io/hashicorp/azurerm\"]",
      "instances": [
        {
          "schema_version": 2,
          "attributes": {
            "admin_enabled": true,
            "admin_password": "124ZB4MDCix46IDOLZobAUQwa03yfHWdJymmxtipNtI0gtRsFg7NJQQJ99CEAC5T7U2Eqg7NAAACAZCRs2PQ",
            "admin_username": "acrcsticketdevwf87dv",
            "anonymous_pull_enabled": false,
            "data_endpoint_enabled": false,
            "data_endpoint_host_names": [],
            "encryption": [],
            "export_policy_enabled": true,
            "georeplications": [],
            "id": "/subscriptions/be06941d-6c24-462e-bf71-3dbc45a04172/resourceGroups/rg-csticket-dev-wf87dv/providers/Microsoft.ContainerRegistry/registries/acrcsticketdevwf87dv",
            "identity": [],
            "location": "francecentral",
            "login_server": "acrcsticketdevwf87dv.azurecr.io",
            "name": "acrcsticketdevwf87dv",
            "network_rule_bypass_option": "AzureServices",
            "network_rule_set": [],
            "public_network_access_enabled": true,
            "quarantine_policy_enabled": false,
            "resource_group_name": "rg-csticket-dev-wf87dv",
            "retention_policy_in_days": 0,
            "sku": "Basic",
            "tags": {},
            "timeouts": null,
            "trust_policy_enabled": false,
            "zone_redundancy_enabled": false
          },
          "sensitive_attributes": [
            [
              {
                "type": "get_attr",
                "value": "admin_password"
              }
            ]
          ],
          "identity_schema_version": 0,
          "private": "eyJlMmJmYjczMC1lY2FhLTExZTYtOGY4OC0zNDM2M2JjN2M0YzAiOnsiY3JlYXRlIjoxODAwMDAwMDAwMDAwLCJkZWxldGUiOjE4MDAwMDAwMDAwMDAsInJlYWQiOjMwMDAwMDAwMDAwMCwidXBkYXRlIjoxODAwMDAwMDAwMDAwfSwic2NoZW1hX3ZlcnNpb24iOiIyIn0=",
          "dependencies": [
            "azurerm_resource_group.main",
            "random_string.suffix"
          ]
        }
      ]
    },
    {
      "mode": "managed",
      "type": "azurerm_linux_web_app",
      "name": "api",
      "provider": "provider[\"registry.terraform.io/hashicorp/azurerm\"]",
      "instances": [
        {
          "schema_version": 1,
          "attributes": {
            "app_settings": {
              "API_HOST": "0.0.0.0",
              "API_PORT": "4000",
              "AUTH_COOKIE_NAME": "access_token",
              "DATABASE_URL": "postgresql://pgadminuser:CsticketDev2026!Postgres42@psql-csticket-dev-wf87dv.postgres.database.azure.com:5432/customer_support?sslmode=require\u0026schema=public",
              "JWT_ACCESS_TOKEN_TTL_SECONDS": "28800",
              "JWT_SECRET": "csticket-devops-assignment-jwt-secret-2026-change-after-demo-long-random-string",
              "NODE_ENV": "production",
              "SWAGGER_PATH": "api",
              "WEBSITES_PORT": "4000",
              "WEB_APP_ORIGIN": "https://app-web-csticket-dev-wf87dv.azurewebsites.net"
            },
            "auth_settings": [
              {
                "active_directory": [],
                "additional_login_parameters": {},
                "allowed_external_redirect_urls": [],
                "default_provider": "",
                "enabled": false,
                "facebook": [],
                "github": [],
                "google": [],
                "issuer": "",
                "microsoft": [],
                "runtime_version": "",
                "token_refresh_extension_hours": 0,
                "token_store_enabled": false,
                "twitter": [],
                "unauthenticated_client_action": ""
              }
            ],
            "auth_settings_v2": [],
            "backup": [],
            "client_affinity_enabled": false,
            "client_certificate_enabled": false,
            "client_certificate_exclusion_paths": "",
            "client_certificate_mode": "Required",
            "connection_string": [],
            "custom_domain_verification_id": "85B59227CEF26CB25EE1BB0479D982B7B477923AD2C9B1B9F0FF3379A84B5F5A",
            "default_hostname": "app-api-csticket-dev-wf87dv.azurewebsites.net",
            "enabled": true,
            "ftp_publish_basic_authentication_enabled": true,
            "hosting_environment_id": "",
            "https_only": true,
            "id": "/subscriptions/be06941d-6c24-462e-bf71-3dbc45a04172/resourceGroups/rg-csticket-dev-wf87dv/providers/Microsoft.Web/sites/app-api-csticket-dev-wf87dv",
            "identity": [],
            "key_vault_reference_identity_id": "SystemAssigned",
            "kind": "app,linux,container",
            "location": "francecentral",
            "logs": [],
            "name": "app-api-csticket-dev-wf87dv",
            "outbound_ip_address_list": [
              "20.40.148.89",
              "20.40.148.122",
              "20.40.148.147",
              "20.40.148.153",
              "20.40.148.178",
              "20.40.148.184",
              "20.43.43.32"
            ],
            "outbound_ip_addresses": "20.40.148.89,20.40.148.122,20.40.148.147,20.40.148.153,20.40.148.178,20.40.148.184,20.43.43.32",
            "possible_outbound_ip_address_list": [
              "20.40.148.89",
              "20.40.148.122",
              "20.40.148.147",
              "20.40.148.153",
              "20.40.148.178",
              "20.40.148.184",
              "20.40.148.188",
              "20.40.148.201",
              "20.40.148.202",
              "20.40.148.207",
              "20.40.148.216",
              "20.40.148.220",
              "20.40.148.224",
              "20.40.148.227",
              "20.40.148.252",
              "20.40.149.13",
              "20.40.149.18",
              "20.40.149.32",
              "40.66.60.83",
              "40.66.61.60",
              "20.74.16.252",
              "20.74.17.94",
              "20.74.17.20",
              "20.74.17.129",
              "20.43.43.32"
            ],
            "possible_outbound_ip_addresses": "20.40.148.89,20.40.148.122,20.40.148.147,20.40.148.153,20.40.148.178,20.40.148.184,20.40.148.188,20.40.148.201,20.40.148.202,20.40.148.207,20.40.148.216,20.40.148.220,20.40.148.224,20.40.148.227,20.40.148.252,20.40.149.13,20.40.149.18,20.40.149.32,40.66.60.83,40.66.61.60,20.74.16.252,20.74.17.94,20.74.17.20,20.74.17.129,20.43.43.32",
            "public_network_access_enabled": true,
            "resource_group_name": "rg-csticket-dev-wf87dv",
            "service_plan_id": "/subscriptions/be06941d-6c24-462e-bf71-3dbc45a04172/resourceGroups/rg-csticket-dev-wf87dv/providers/Microsoft.Web/serverFarms/asp-csticket-dev-wf87dv",
            "site_config": [
              {
                "always_on": false,
                "api_definition_url": "",
                "api_management_api_id": "",
                "app_command_line": "",
                "application_stack": [
                  {
                    "docker_image_name": "customer-support-api:latest",
                    "docker_registry_password": "124ZB4MDCix46IDOLZobAUQwa03yfHWdJymmxtipNtI0gtRsFg7NJQQJ99CEAC5T7U2Eqg7NAAACAZCRs2PQ",
                    "docker_registry_url": "https://acrcsticketdevwf87dv.azurecr.io",
                    "docker_registry_username": "acrcsticketdevwf87dv",
                    "dotnet_version": "",
                    "go_version": "",
                    "java_server": "",
                    "java_server_version": "",
                    "java_version": "",
                    "node_version": "",
                    "php_version": "",
                    "python_version": "",
                    "ruby_version": ""
                  }
                ],
                "auto_heal_setting": [],
                "container_registry_managed_identity_client_id": "",
                "container_registry_use_managed_identity": false,
                "cors": [],
                "default_documents": [
                  "Default.htm",
                  "Default.html",
                  "Default.asp",
                  "index.htm",
                  "index.html",
                  "iisstart.htm",
                  "default.aspx",
                  "index.php",
                  "hostingstart.html"
                ],
                "detailed_error_logging_enabled": false,
                "ftps_state": "Disabled",
                "health_check_eviction_time_in_min": 0,
                "health_check_path": "",
                "http2_enabled": false,
                "ip_restriction": [],
                "ip_restriction_default_action": "Allow",
                "linux_fx_version": "DOCKER|acrcsticketdevwf87dv.azurecr.io/customer-support-api:latest",
                "load_balancing_mode": "LeastRequests",
                "local_mysql_enabled": false,
                "managed_pipeline_mode": "Integrated",
                "minimum_tls_version": "1.2",
                "remote_debugging_enabled": false,
                "remote_debugging_version": "VS2022",
                "scm_ip_restriction": [],
                "scm_ip_restriction_default_action": "Allow",
                "scm_minimum_tls_version": "1.2",
                "scm_type": "None",
                "scm_use_main_ip_restriction": false,
                "use_32_bit_worker": true,
                "vnet_route_all_enabled": false,
                "websockets_enabled": false,
                "worker_count": 1
              }
            ],
            "site_credential": [
              {
                "name": "$app-api-csticket-dev-wf87dv",
                "password": "JLWzJTLEqPGJTavyE3JMX742PxqnfqbepN8s1knDHaZAdokPyNoNYe8R5hy4"
              }
            ],
            "sticky_settings": [],
            "storage_account": [],
            "tags": {},
            "timeouts": null,
            "virtual_network_backup_restore_enabled": false,
            "virtual_network_subnet_id": "",
            "vnet_image_pull_enabled": false,
            "webdeploy_publish_basic_authentication_enabled": true,
            "zip_deploy_file": ""
          },
          "sensitive_attributes": [
            [
              {
                "type": "get_attr",
                "value": "app_settings"
              },
              {
                "type": "index",
                "value": {
                  "value": "DATABASE_URL",
                  "type": "string"
                }
              }
            ],
            [
              {
                "type": "get_attr",
                "value": "app_settings"
              },
              {
                "type": "index",
                "value": {
                  "value": "JWT_SECRET",
                  "type": "string"
                }
              }
            ],
            [
              {
                "type": "get_attr",
                "value": "custom_domain_verification_id"
              }
            ],
            [
              {
                "type": "get_attr",
                "value": "site_config"
              },
              {
                "type": "index",
                "value": {
                  "value": 0,
                  "type": "number"
                }
              },
              {
                "type": "get_attr",
                "value": "application_stack"
              },
              {
                "type": "index",
                "value": {
                  "value": 0,
                  "type": "number"
                }
              },
              {
                "type": "get_attr",
                "value": "docker_registry_password"
              }
            ],
            [
              {
                "type": "get_attr",
                "value": "site_credential"
              }
            ]
          ],
          "identity_schema_version": 0,
          "private": "eyJlMmJmYjczMC1lY2FhLTExZTYtOGY4OC0zNDM2M2JjN2M0YzAiOnsiY3JlYXRlIjoxODAwMDAwMDAwMDAwLCJkZWxldGUiOjE4MDAwMDAwMDAwMDAsInJlYWQiOjMwMDAwMDAwMDAwMCwidXBkYXRlIjoxODAwMDAwMDAwMDAwfSwic2NoZW1hX3ZlcnNpb24iOiIxIn0=",
          "dependencies": [
            "azurerm_container_registry.main",
            "azurerm_postgresql_flexible_server.main",
            "azurerm_postgresql_flexible_server_database.main",
            "azurerm_postgresql_flexible_server_firewall_rule.azure_services",
            "azurerm_resource_group.main",
            "azurerm_service_plan.main",
            "random_string.suffix"
          ]
        }
      ]
    },
    {
      "mode": "managed",
      "type": "azurerm_linux_web_app",
      "name": "web",
      "provider": "provider[\"registry.terraform.io/hashicorp/azurerm\"]",
      "instances": [
        {
          "schema_version": 1,
          "attributes": {
            "app_settings": {
              "NEXT_PUBLIC_API_BASE_URL": "https://app-api-csticket-dev-wf87dv.azurewebsites.net",
              "NEXT_TELEMETRY_DISABLED": "1",
              "NODE_ENV": "production",
              "WEBSITES_PORT": "3000"
            },
            "auth_settings": [
              {
                "active_directory": [],
                "additional_login_parameters": {},
                "allowed_external_redirect_urls": [],
                "default_provider": "",
                "enabled": false,
                "facebook": [],
                "github": [],
                "google": [],
                "issuer": "",
                "microsoft": [],
                "runtime_version": "",
                "token_refresh_extension_hours": 0,
                "token_store_enabled": false,
                "twitter": [],
                "unauthenticated_client_action": ""
              }
            ],
            "auth_settings_v2": [],
            "backup": [],
            "client_affinity_enabled": false,
            "client_certificate_enabled": false,
            "client_certificate_exclusion_paths": "",
            "client_certificate_mode": "Required",
            "connection_string": [],
            "custom_domain_verification_id": "85B59227CEF26CB25EE1BB0479D982B7B477923AD2C9B1B9F0FF3379A84B5F5A",
            "default_hostname": "app-web-csticket-dev-wf87dv.azurewebsites.net",
            "enabled": true,
            "ftp_publish_basic_authentication_enabled": true,
            "hosting_environment_id": "",
            "https_only": true,
            "id": "/subscriptions/be06941d-6c24-462e-bf71-3dbc45a04172/resourceGroups/rg-csticket-dev-wf87dv/providers/Microsoft.Web/sites/app-web-csticket-dev-wf87dv",
            "identity": [],
            "key_vault_reference_identity_id": "SystemAssigned",
            "kind": "app,linux,container",
            "location": "francecentral",
            "logs": [],
            "name": "app-web-csticket-dev-wf87dv",
            "outbound_ip_address_list": [
              "20.40.148.89",
              "20.40.148.122",
              "20.40.148.147",
              "20.40.148.153",
              "20.40.148.178",
              "20.40.148.184",
              "20.43.43.32"
            ],
            "outbound_ip_addresses": "20.40.148.89,20.40.148.122,20.40.148.147,20.40.148.153,20.40.148.178,20.40.148.184,20.43.43.32",
            "possible_outbound_ip_address_list": [
              "20.40.148.89",
              "20.40.148.122",
              "20.40.148.147",
              "20.40.148.153",
              "20.40.148.178",
              "20.40.148.184",
              "20.40.148.188",
              "20.40.148.201",
              "20.40.148.202",
              "20.40.148.207",
              "20.40.148.216",
              "20.40.148.220",
              "20.40.148.224",
              "20.40.148.227",
              "20.40.148.252",
              "20.40.149.13",
              "20.40.149.18",
              "20.40.149.32",
              "40.66.60.83",
              "40.66.61.60",
              "20.74.16.252",
              "20.74.17.94",
              "20.74.17.20",
              "20.74.17.129",
              "20.43.43.32"
            ],
            "possible_outbound_ip_addresses": "20.40.148.89,20.40.148.122,20.40.148.147,20.40.148.153,20.40.148.178,20.40.148.184,20.40.148.188,20.40.148.201,20.40.148.202,20.40.148.207,20.40.148.216,20.40.148.220,20.40.148.224,20.40.148.227,20.40.148.252,20.40.149.13,20.40.149.18,20.40.149.32,40.66.60.83,40.66.61.60,20.74.16.252,20.74.17.94,20.74.17.20,20.74.17.129,20.43.43.32",
            "public_network_access_enabled": true,
            "resource_group_name": "rg-csticket-dev-wf87dv",
            "service_plan_id": "/subscriptions/be06941d-6c24-462e-bf71-3dbc45a04172/resourceGroups/rg-csticket-dev-wf87dv/providers/Microsoft.Web/serverFarms/asp-csticket-dev-wf87dv",
            "site_config": [
              {
                "always_on": false,
                "api_definition_url": "",
                "api_management_api_id": "",
                "app_command_line": "",
                "application_stack": [
                  {
                    "docker_image_name": "customer-support-web:latest",
                    "docker_registry_password": "124ZB4MDCix46IDOLZobAUQwa03yfHWdJymmxtipNtI0gtRsFg7NJQQJ99CEAC5T7U2Eqg7NAAACAZCRs2PQ",
                    "docker_registry_url": "https://acrcsticketdevwf87dv.azurecr.io",
                    "docker_registry_username": "acrcsticketdevwf87dv",
                    "dotnet_version": "",
                    "go_version": "",
                    "java_server": "",
                    "java_server_version": "",
                    "java_version": "",
                    "node_version": "",
                    "php_version": "",
                    "python_version": "",
                    "ruby_version": ""
                  }
                ],
                "auto_heal_setting": [],
                "container_registry_managed_identity_client_id": "",
                "container_registry_use_managed_identity": false,
                "cors": [],
                "default_documents": [
                  "Default.htm",
                  "Default.html",
                  "Default.asp",
                  "index.htm",
                  "index.html",
                  "iisstart.htm",
                  "default.aspx",
                  "index.php",
                  "hostingstart.html"
                ],
                "detailed_error_logging_enabled": false,
                "ftps_state": "Disabled",
                "health_check_eviction_time_in_min": 0,
                "health_check_path": "",
                "http2_enabled": false,
                "ip_restriction": [],
                "ip_restriction_default_action": "Allow",
                "linux_fx_version": "DOCKER|acrcsticketdevwf87dv.azurecr.io/customer-support-web:latest",
                "load_balancing_mode": "LeastRequests",
                "local_mysql_enabled": false,
                "managed_pipeline_mode": "Integrated",
                "minimum_tls_version": "1.2",
                "remote_debugging_enabled": false,
                "remote_debugging_version": "VS2022",
                "scm_ip_restriction": [],
                "scm_ip_restriction_default_action": "Allow",
                "scm_minimum_tls_version": "1.2",
                "scm_type": "None",
                "scm_use_main_ip_restriction": false,
                "use_32_bit_worker": true,
                "vnet_route_all_enabled": false,
                "websockets_enabled": false,
                "worker_count": 1
              }
            ],
            "site_credential": [
              {
                "name": "$app-web-csticket-dev-wf87dv",
                "password": "aeqfsaunmdpG0xNwT4PaZhmjutxi2jlrh5cap6EooYy2nNFXo1mQXcgQfS2d"
              }
            ],
            "sticky_settings": [],
            "storage_account": [],
            "tags": {},
            "timeouts": null,
            "virtual_network_backup_restore_enabled": false,
            "virtual_network_subnet_id": "",
            "vnet_image_pull_enabled": false,
            "webdeploy_publish_basic_authentication_enabled": true,
            "zip_deploy_file": ""
          },
          "sensitive_attributes": [
            [
              {
                "type": "get_attr",
                "value": "custom_domain_verification_id"
              }
            ],
            [
              {
                "type": "get_attr",
                "value": "site_config"
              },
              {
                "type": "index",
                "value": {
                  "value": 0,
                  "type": "number"
                }
              },
              {
                "type": "get_attr",
                "value": "application_stack"
              },
              {
                "type": "index",
                "value": {
                  "value": 0,
                  "type": "number"
                }
              },
              {
                "type": "get_attr",
                "value": "docker_registry_password"
              }
            ],
            [
              {
                "type": "get_attr",
                "value": "site_credential"
              }
            ]
          ],
          "identity_schema_version": 0,
          "private": "eyJlMmJmYjczMC1lY2FhLTExZTYtOGY4OC0zNDM2M2JjN2M0YzAiOnsiY3JlYXRlIjoxODAwMDAwMDAwMDAwLCJkZWxldGUiOjE4MDAwMDAwMDAwMDAsInJlYWQiOjMwMDAwMDAwMDAwMCwidXBkYXRlIjoxODAwMDAwMDAwMDAwfSwic2NoZW1hX3ZlcnNpb24iOiIxIn0=",
          "dependencies": [
            "azurerm_container_registry.main",
            "azurerm_linux_web_app.api",
            "azurerm_postgresql_flexible_server.main",
            "azurerm_postgresql_flexible_server_database.main",
            "azurerm_postgresql_flexible_server_firewall_rule.azure_services",
            "azurerm_resource_group.main",
            "azurerm_service_plan.main",
            "random_string.suffix"
          ]
        }
      ]
    },
    {
      "mode": "managed",
      "type": "azurerm_postgresql_flexible_server",
      "name": "main",
      "provider": "provider[\"registry.terraform.io/hashicorp/azurerm\"]",
      "instances": [
        {
          "schema_version": 0,
          "attributes": {
            "administrator_login": "pgadminuser",
            "administrator_password": "CsticketDev2026!Postgres42",
            "administrator_password_wo": null,
            "administrator_password_wo_version": 0,
            "authentication": [
              {
                "active_directory_auth_enabled": false,
                "password_auth_enabled": true,
                "tenant_id": ""
              }
            ],
            "auto_grow_enabled": false,
            "backup_retention_days": 7,
            "cluster": [],
            "create_mode": null,
            "customer_managed_key": [],
            "delegated_subnet_id": "",
            "fqdn": "psql-csticket-dev-wf87dv.postgres.database.azure.com",
            "geo_redundant_backup_enabled": false,
            "high_availability": [],
            "id": "/subscriptions/be06941d-6c24-462e-bf71-3dbc45a04172/resourceGroups/rg-csticket-dev-wf87dv/providers/Microsoft.DBforPostgreSQL/flexibleServers/psql-csticket-dev-wf87dv",
            "identity": [],
            "location": "francecentral",
            "maintenance_window": [],
            "name": "psql-csticket-dev-wf87dv",
            "point_in_time_restore_time_in_utc": "",
            "private_dns_zone_id": "",
            "public_network_access_enabled": true,
            "replication_role": "",
            "resource_group_name": "rg-csticket-dev-wf87dv",
            "sku_name": "B_Standard_B1ms",
            "source_server_id": "",
            "storage_mb": 32768,
            "storage_tier": "P4",
            "tags": {},
            "timeouts": null,
            "version": "16",
            "zone": "1"
          },
          "sensitive_attributes": [
            [
              {
                "type": "get_attr",
                "value": "administrator_password"
              }
            ]
          ],
          "identity_schema_version": 0,
          "private": "eyJlMmJmYjczMC1lY2FhLTExZTYtOGY4OC0zNDM2M2JjN2M0YzAiOnsiY3JlYXRlIjozNjAwMDAwMDAwMDAwLCJkZWxldGUiOjM2MDAwMDAwMDAwMDAsInJlYWQiOjMwMDAwMDAwMDAwMCwidXBkYXRlIjozNjAwMDAwMDAwMDAwfX0=",
          "dependencies": [
            "azurerm_resource_group.main",
            "random_string.suffix"
          ]
        }
      ]
    },
    {
      "mode": "managed",
      "type": "azurerm_postgresql_flexible_server_database",
      "name": "main",
      "provider": "provider[\"registry.terraform.io/hashicorp/azurerm\"]",
      "instances": [
        {
          "schema_version": 0,
          "attributes": {
            "charset": "UTF8",
            "collation": "en_US.utf8",
            "id": "/subscriptions/be06941d-6c24-462e-bf71-3dbc45a04172/resourceGroups/rg-csticket-dev-wf87dv/providers/Microsoft.DBforPostgreSQL/flexibleServers/psql-csticket-dev-wf87dv/databases/customer_support",
            "name": "customer_support",
            "server_id": "/subscriptions/be06941d-6c24-462e-bf71-3dbc45a04172/resourceGroups/rg-csticket-dev-wf87dv/providers/Microsoft.DBforPostgreSQL/flexibleServers/psql-csticket-dev-wf87dv",
            "timeouts": null
          },
          "sensitive_attributes": [],
          "identity_schema_version": 0,
          "private": "eyJlMmJmYjczMC1lY2FhLTExZTYtOGY4OC0zNDM2M2JjN2M0YzAiOnsiY3JlYXRlIjoxODAwMDAwMDAwMDAwLCJkZWxldGUiOjE4MDAwMDAwMDAwMDAsInJlYWQiOjMwMDAwMDAwMDAwMH19",
          "dependencies": [
            "azurerm_postgresql_flexible_server.main",
            "azurerm_resource_group.main",
            "random_string.suffix"
          ]
        }
      ]
    },
    {
      "mode": "managed",
      "type": "azurerm_postgresql_flexible_server_firewall_rule",
      "name": "azure_services",
      "provider": "provider[\"registry.terraform.io/hashicorp/azurerm\"]",
      "instances": [
        {
          "schema_version": 0,
          "attributes": {
            "end_ip_address": "0.0.0.0",
            "id": "/subscriptions/be06941d-6c24-462e-bf71-3dbc45a04172/resourceGroups/rg-csticket-dev-wf87dv/providers/Microsoft.DBforPostgreSQL/flexibleServers/psql-csticket-dev-wf87dv/firewallRules/allow-azure-services",
            "name": "allow-azure-services",
            "server_id": "/subscriptions/be06941d-6c24-462e-bf71-3dbc45a04172/resourceGroups/rg-csticket-dev-wf87dv/providers/Microsoft.DBforPostgreSQL/flexibleServers/psql-csticket-dev-wf87dv",
            "start_ip_address": "0.0.0.0",
            "timeouts": null
          },
          "sensitive_attributes": [],
          "identity_schema_version": 0,
          "identity": {
            "flexible_server_name": "psql-csticket-dev-wf87dv",
            "name": "allow-azure-services",
            "resource_group_name": "rg-csticket-dev-wf87dv",
            "subscription_id": "be06941d-6c24-462e-bf71-3dbc45a04172"
          },
          "private": "eyJlMmJmYjczMC1lY2FhLTExZTYtOGY4OC0zNDM2M2JjN2M0YzAiOnsiY3JlYXRlIjoxODAwMDAwMDAwMDAwLCJkZWxldGUiOjE4MDAwMDAwMDAwMDAsInJlYWQiOjMwMDAwMDAwMDAwMCwidXBkYXRlIjoxODAwMDAwMDAwMDAwfX0=",
          "dependencies": [
            "azurerm_postgresql_flexible_server.main",
            "azurerm_resource_group.main",
            "random_string.suffix"
          ]
        }
      ]
    },
    {
      "mode": "managed",
      "type": "azurerm_resource_group",
      "name": "main",
      "provider": "provider[\"registry.terraform.io/hashicorp/azurerm\"]",
      "instances": [
        {
          "schema_version": 0,
          "attributes": {
            "id": "/subscriptions/be06941d-6c24-462e-bf71-3dbc45a04172/resourceGroups/rg-csticket-dev-wf87dv",
            "location": "francecentral",
            "managed_by": "",
            "name": "rg-csticket-dev-wf87dv",
            "tags": {},
            "timeouts": null
          },
          "sensitive_attributes": [],
          "identity_schema_version": 0,
          "identity": {
            "name": "rg-csticket-dev-wf87dv",
            "subscription_id": "be06941d-6c24-462e-bf71-3dbc45a04172"
          },
          "private": "eyJlMmJmYjczMC1lY2FhLTExZTYtOGY4OC0zNDM2M2JjN2M0YzAiOnsiY3JlYXRlIjo1NDAwMDAwMDAwMDAwLCJkZWxldGUiOjU0MDAwMDAwMDAwMDAsInJlYWQiOjMwMDAwMDAwMDAwMCwidXBkYXRlIjo1NDAwMDAwMDAwMDAwfX0=",
          "dependencies": [
            "random_string.suffix"
          ]
        }
      ]
    },
    {
      "mode": "managed",
      "type": "azurerm_service_plan",
      "name": "main",
      "provider": "provider[\"registry.terraform.io/hashicorp/azurerm\"]",
      "instances": [
        {
          "schema_version": 1,
          "attributes": {
            "app_service_environment_id": "",
            "id": "/subscriptions/be06941d-6c24-462e-bf71-3dbc45a04172/resourceGroups/rg-csticket-dev-wf87dv/providers/Microsoft.Web/serverFarms/asp-csticket-dev-wf87dv",
            "kind": "linux",
            "location": "francecentral",
            "maximum_elastic_worker_count": 1,
            "name": "asp-csticket-dev-wf87dv",
            "os_type": "Linux",
            "per_site_scaling_enabled": false,
            "premium_plan_auto_scale_enabled": false,
            "reserved": true,
            "resource_group_name": "rg-csticket-dev-wf87dv",
            "sku_name": "B1",
            "tags": {},
            "timeouts": null,
            "worker_count": 1,
            "zone_balancing_enabled": false
          },
          "sensitive_attributes": [],
          "identity_schema_version": 0,
          "identity": {
            "name": "asp-csticket-dev-wf87dv",
            "resource_group_name": "rg-csticket-dev-wf87dv",
            "subscription_id": "be06941d-6c24-462e-bf71-3dbc45a04172"
          },
          "private": "eyJlMmJmYjczMC1lY2FhLTExZTYtOGY4OC0zNDM2M2JjN2M0YzAiOnsiY3JlYXRlIjozNjAwMDAwMDAwMDAwLCJkZWxldGUiOjM2MDAwMDAwMDAwMDAsInJlYWQiOjMwMDAwMDAwMDAwMCwidXBkYXRlIjozNjAwMDAwMDAwMDAwfSwic2NoZW1hX3ZlcnNpb24iOiIxIn0=",
          "dependencies": [
            "azurerm_resource_group.main",
            "random_string.suffix"
          ]
        }
      ]
    },
    {
      "mode": "managed",
      "type": "random_string",
      "name": "suffix",
      "provider": "provider[\"registry.terraform.io/hashicorp/random\"]",
      "instances": [
        {
          "schema_version": 2,
          "attributes": {
            "id": "wf87dv",
            "keepers": null,
            "length": 6,
            "lower": true,
            "min_lower": 0,
            "min_numeric": 0,
            "min_special": 0,
            "min_upper": 0,
            "number": true,
            "numeric": true,
            "override_special": null,
            "result": "wf87dv",
            "special": false,
            "upper": false
          },
          "sensitive_attributes": [],
          "identity_schema_version": 0
        }
      ]
    }
  ],
  "check_results": null
}
